
Microsoft Visual Studio Solution File, Format Version 12.00
# Visual Studio Version 16
VisualStudioVersion = 16.0.29728.190
MinimumVisualStudioVersion = 10.0.40219.1
Project("{8BC9CEB8-8B4A-11D0-8D11-00A0C91BC942}") = "Grafos", "Grafos.vcxproj", "{EE83037F-FAA7-4B30-95CE-A61DAE45C585}"
EndProject
Project("{2150E333-8FDC-42A3-9474-1A3956D46DE8}") = "Datos", "Datos", "{823F3DDA-7FEF-41E0-837F-1637EDB53A7D}"
	ProjectSection(SolutionItems) = preProject
		london.connections.csv = london.connections.csv
		london.stations.csv = london.stations.csv
	EndProjectSection
EndProject
Project("{2150E333-8FDC-42A3-9474-1A3956D46DE8}") = "Solution Items", "Solution Items", "{FF6A8359-AAED-4ECE-A16D-679FA0A12BBE}"
	ProjectSection(SolutionItems) = preProject
		.gitignore = .gitignore
	EndProjectSection
EndProject
Global
	GlobalSection(SolutionConfigurationPlatforms) = preSolution
		Debug|x64 = Debug|x64
		Debug|x86 = Debug|x86
		Release|x64 = Release|x64
		Release|x86 = Release|x86
	EndGlobalSection
	GlobalSection(ProjectConfigurationPlatforms) = postSolution
		{EE83037F-FAA7-4B30-95CE-A61DAE45C585}.Debug|x64.ActiveCfg = Debug|x64
		{EE83037F-FAA7-4B30-95CE-A61DAE45C585}.Debug|x64.Build.0 = Debug|x64
		{EE83037F-FAA7-4B30-95CE-A61DAE45C585}.Debug|x86.ActiveCfg = Debug|Win32
		{EE83037F-FAA7-4B30-95CE-A61DAE45C585}.Debug|x86.Build.0 = Debug|Win32
		{EE83037F-FAA7-4B30-95CE-A61DAE45C585}.Release|x64.ActiveCfg = Release|x64
		{EE83037F-FAA7-4B30-95CE-A61DAE45C585}.Release|x64.Build.0 = Release|x64
		{EE83037F-FAA7-4B30-95CE-A61DAE45C585}.Release|x86.ActiveCfg = Release|Win32
		{EE83037F-FAA7-4B30-95CE-A61DAE45C585}.Release|x86.Build.0 = Release|Win32
	EndGlobalSection
	GlobalSection(SolutionProperties) = preSolution
		HideSolutionNode = FALSE
	EndGlobalSection
	GlobalSection(ExtensibilityGlobals) = postSolution
		SolutionGuid = {0D5B73C1-210C-412A-90C3-32C101FB9103}
	EndGlobalSection
EndGlobal
